
Microsoft Visual Studio Solution File, Format Version 12.00
# Visual Studio Express 2012 for Web
Project("{FAE04EC0-301F-11D3-BF4B-00C04F79EFBC}") = "FirstAG", "FirstAG\FirstAG.csproj", "{AB5C2064-FA83-42F5-8CF7-7DD5B340DD7E}"
EndProject
Global
	GlobalSection(SolutionConfigurationPlatforms) = preSolution
		Debug|Any CPU = Debug|Any CPU
		Release|Any CPU = Release|Any CPU
	EndGlobalSection
	GlobalSection(ProjectConfigurationPlatforms) = postSolution
		{AB5C2064-FA83-42F5-8CF7-7DD5B340DD7E}.Debug|Any CPU.ActiveCfg = Debug|Any CPU
		{AB5C2064-FA83-42F5-8CF7-7DD5B340DD7E}.Debug|Any CPU.Build.0 = Debug|Any CPU
		{AB5C2064-FA83-42F5-8CF7-7DD5B340DD7E}.Release|Any CPU.ActiveCfg = Release|Any CPU
		{AB5C2064-FA83-42F5-8CF7-7DD5B340DD7E}.Release|Any CPU.Build.0 = Release|Any CPU
	EndGlobalSection
	GlobalSection(SolutionProperties) = preSolution
		HideSolutionNode = FALSE
	EndGlobalSection
EndGlobal
